{
  "requires": true,
  "lockfileVersion": 1,
  "dependencies": {
    "date-and-time": {
      "version": "0.11.0",
      "resolved": "https://registry.npmjs.org/date-and-time/-/date-and-time-0.11.0.tgz",
      "integrity": "sha512-VyzhHurex4wlg9oMszn7O+kxHchphWjzDn7Mv0WfkFKI6hSNOQePpTBFGsnRakvLNzQKXqPBAVV8DOxUGtUxqA=="
    }
  }
}
